github.com/pkg/browser v0.0.0-20210606212950-a7b7a6107d32 h1:K3WnH8Ka32vWygzmjKEhz1zAVqckNoWDqX3azMxuiSA=
github.com/pkg/browser v0.0.0-20210606212950-a7b7a6107d32/go.mod h1:yvwcBfzEX4m+eTgxPBbNYytaWFv4PSQzBaeYjxp8Iik=
golang.org/x/sys v0.0.0-20210319071255-635bc2c9138d h1:jbzgAvDZn8aEnytae+4ou0J0GwFZoHR0hOrTg4qH8GA=
golang.org/x/sys v0.0.0-20210319071255-635bc2c9138d/go.mod h1:h1NjWce9XRLGQEsW7wpKNCjG9DtNlClVuFLEZdDNbEs=
